// !$*UTF8*$!
{
	archiveVersion = 1;
	classes = {
	};
	objectVersion = 48;
	objects = {

/* Begin PBXBuildFile section */
		AB065AC9262E66B3004DC323 /* TimelineTableViewController.swift in Sources */ = {isa = PBXBuildFile; fileRef = AB065AC8262E66B3004DC323 /* TimelineTableViewController.swift */; };
		AB065ACB262E74DE004DC323 /* TimelineTableViewCell.swift in Sources */ = {isa = PBXBuildFile; fileRef = AB065ACA262E74DE004DC323 /* TimelineTableViewCell.swift */; };
		AB34AC04262A6FF1008BFE93 /* AppDelegate.swift in Sources */ = {isa = PBXBuildFile; fileRef = AB34AC03262A6FF1008BFE93 /* AppDelegate.swift */; };
		AB34AC09262A6FF1008BFE93 /* Main.storyboard in Resources */ = {isa = PBXBuildFile; fileRef = AB34AC07262A6FF1008BFE93 /* Main.storyboard */; };
		AB34AC0B262A6FF1008BFE93 /* Assets.xcassets in Resources */ = {isa = PBXBuildFile; fileRef = AB34AC0A262A6FF1008BFE93 /* Assets.xcassets */; };
		AB34AC0E262A6FF1008BFE93 /* LaunchScreen.storyboard in Resources */ = {isa = PBXBuildFile; fileRef = AB34AC0C262A6FF1008BFE93 /* LaunchScreen.storyboard */; };
		AB34AC16262A7146008BFE93 /* Tweet.swift in Sources */ = {isa = PBXBuildFile; fileRef = AB34AC15262A7146008BFE93 /* Tweet.swift */; };
		AB34AC18262A7195008BFE93 /* ApiRestTwitter.swift in Sources */ = {isa = PBXBuildFile; fileRef = AB34AC17262A7195008BFE93 /* ApiRestTwitter.swift */; };
		AB34F85B262BBBFA00943894 /* TweetsTableViewController.swift in Sources */ = {isa = PBXBuildFile; fileRef = AB34F85A262BBBFA00943894 /* TweetsTableViewController.swift */; };
		ABF884A6262D04E000C3CD5E /* TweetTableViewCell.swift in Sources */ = {isa = PBXBuildFile; fileRef = ABF884A5262D04E000C3CD5E /* TweetTableViewCell.swift */; };
/* End PBXBuildFile section */

/* Begin PBXFileReference section */
		AB065AC8262E66B3004DC323 /* TimelineTableViewController.swift */ = {isa = PBXFileReference; lastKnownFileType = sourcecode.swift; path = TimelineTableViewController.swift; sourceTree = "<group>"; };
		AB065ACA262E74DE004DC323 /* TimelineTableViewCell.swift */ = {isa = PBXFileReference; lastKnownFileType = sourcecode.swift; path = TimelineTableViewCell.swift; sourceTree = "<group>"; };
		AB34AC00262A6FF0008BFE93 /* FetchTweets.app */ = {isa = PBXFileReference; explicitFileType = wrapper.application; includeInIndex = 0; path = FetchTweets.app; sourceTree = BUILT_PRODUCTS_DIR; };
		AB34AC03262A6FF1008BFE93 /* AppDelegate.swift */ = {isa = PBXFileReference; lastKnownFileType = sourcecode.swift; path = AppDelegate.swift; sourceTree = "<group>"; };
		AB34AC08262A6FF1008BFE93 /* Base */ = {isa = PBXFileReference; lastKnownFileType = file.storyboard; name = Base; path = Base.lproj/Main.storyboard; sourceTree = "<group>"; };
		AB34AC0A262A6FF1008BFE93 /* Assets.xcassets */ = {isa = PBXFileReference; lastKnownFileType = folder.assetcatalog; path = Assets.xcassets; sourceTree = "<group>"; };
		AB34AC0D262A6FF1008BFE93 /* Base */ = {isa = PBXFileReference; lastKnownFileType = file.storyboard; name = Base; path = Base.lproj/LaunchScreen.storyboard; sourceTree = "<group>"; };
		AB34AC0F262A6FF1008BFE93 /* Info.plist */ = {isa = PBXFileReference; lastKnownFileType = text.plist.xml; path = Info.plist; sourceTree = "<group>"; };
		AB34AC15262A7146008BFE93 /* Tweet.swift */ = {isa = PBXFileReference; lastKnownFileType = sourcecode.swift; path = Tweet.swift; sourceTree = "<group>"; };
		AB34AC17262A7195008BFE93 /* ApiRestTwitter.swift */ = {isa = PBXFileReference; lastKnownFileType = sourcecode.swift; path = ApiRestTwitter.swift; sourceTree = "<group>"; };
		AB34F85A262BBBFA00943894 /* TweetsTableViewController.swift */ = {isa = PBXFileReference; lastKnownFileType = sourcecode.swift; path = TweetsTableViewController.swift; sourceTree = "<group>"; };
		ABF884A5262D04E000C3CD5E /* TweetTableViewCell.swift */ = {isa = PBXFileReference; lastKnownFileType = sourcecode.swift; path = TweetTableViewCell.swift; sourceTree = "<group>"; };
/* End PBXFileReference section */

/* Begin PBXFrameworksBuildPhase section */
		AB34ABFD262A6FF0008BFE93 /* Frameworks */ = {
			isa = PBXFrameworksBuildPhase;
			buildActionMask = 2147483647;
			files = (
			);
			runOnlyForDeploymentPostprocessing = 0;
		};
/* End PBXFrameworksBuildPhase section */

/* Begin PBXGroup section */
		AB34ABF7262A6FF0008BFE93 = {
			isa = PBXGroup;
			children = (
				AB34AC02262A6FF1008BFE93 /* FetchTweets */,
				AB34AC01262A6FF0008BFE93 /* Products */,
			);
			sourceTree = "<group>";
		};
		AB34AC01262A6FF0008BFE93 /* Products */ = {
			isa = PBXGroup;
			children = (
				AB34AC00262A6FF0008BFE93 /* FetchTweets.app */,
			);
			name = Products;
			sourceTree = "<group>";
		};
		AB34AC02262A6FF1008BFE93 /* FetchTweets */ = {
			isa = PBXGroup;
			children = (
				AB34F85C262BC09D00943894 /* Model */,
				AB34F85D262BC0A900943894 /* View */,
				AB34F85E262BC0B000943894 /* Controller */,
				AB34AC0A262A6FF1008BFE93 /* Assets.xcassets */,
				AB34AC03262A6FF1008BFE93 /* AppDelegate.swift */,
				AB34AC0F262A6FF1008BFE93 /* Info.plist */,
			);
			path = FetchTweets;
			sourceTree = "<group>";
		};
		AB34F85C262BC09D00943894 /* Model */ = {
			isa = PBXGroup;
			children = (
				AB34AC15262A7146008BFE93 /* Tweet.swift */,
				AB34AC17262A7195008BFE93 /* ApiRestTwitter.swift */,
			);
			path = Model;
			sourceTree = "<group>";
		};
		AB34F85D262BC0A900943894 /* View */ = {
			isa = PBXGroup;
			children = (
				AB34AC07262A6FF1008BFE93 /* Main.storyboard */,
				AB34AC0C262A6FF1008BFE93 /* LaunchScreen.storyboard */,
			);
			path = View;
			sourceTree = "<group>";
		};
		AB34F85E262BC0B000943894 /* Controller */ = {
			isa = PBXGroup;
			children = (
				AB34F85A262BBBFA00943894 /* TweetsTableViewController.swift */,
				ABF884A5262D04E000C3CD5E /* TweetTableViewCell.swift */,
				AB065AC8262E66B3004DC323 /* TimelineTableViewController.swift */,
				AB065ACA262E74DE004DC323 /* TimelineTableViewCell.swift */,
			);
			path = Controller;
			sourceTree = "<group>";
		};
/* End PBXGroup section */

/* Begin PBXNativeTarget section */
		AB34ABFF262A6FF0008BFE93 /* FetchTweets */ = {
			isa = PBXNativeTarget;
			buildConfigurationList = AB34AC12262A6FF1008BFE93 /* Build configuration list for PBXNativeTarget "FetchTweets" */;
			buildPhases = (
				AB34ABFC262A6FF0008BFE93 /* Sources */,
				AB34ABFD262A6FF0008BFE93 /* Frameworks */,
				AB34ABFE262A6FF0008BFE93 /* Resources */,
			);
			buildRules = (
			);
			dependencies = (
			);
			name = FetchTweets;
			productName = FetchTweets;
			productReference = AB34AC00262A6FF0008BFE93 /* FetchTweets.app */;
			productType = "com.apple.product-type.application";
		};
/* End PBXNativeTarget section */

/* Begin PBXProject section */
		AB34ABF8262A6FF0008BFE93 /* Project object */ = {
			isa = PBXProject;
			attributes = {
				LastSwiftUpdateCheck = 0900;
				LastUpgradeCheck = 0900;
				ORGANIZATIONNAME = "Bruno Maia de Morais";
				TargetAttributes = {
					AB34ABFF262A6FF0008BFE93 = {
						CreatedOnToolsVersion = 9.0;
						ProvisioningStyle = Automatic;
					};
				};
			};
			buildConfigurationList = AB34ABFB262A6FF0008BFE93 /* Build configuration list for PBXProject "FetchTweets" */;
			compatibilityVersion = "Xcode 8.0";
			developmentRegion = en;
			hasScannedForEncodings = 0;
			knownRegions = (
				en,
				Base,
			);
			mainGroup = AB34ABF7262A6FF0008BFE93;
			productRefGroup = AB34AC01262A6FF0008BFE93 /* Products */;
			projectDirPath = "";
			projectRoot = "";
			targets = (
				AB34ABFF262A6FF0008BFE93 /* FetchTweets */,
			);
		};
/* End PBXProject section */

/* Begin PBXResourcesBuildPhase section */
		AB34ABFE262A6FF0008BFE93 /* Resources */ = {
			isa = PBXResourcesBuildPhase;
			buildActionMask = 2147483647;
			files = (
				AB34AC0E262A6FF1008BFE93 /* LaunchScreen.storyboard in Resources */,
				AB34AC0B262A6FF1008BFE93 /* Assets.xcassets in Resources */,
				AB34AC09262A6FF1008BFE93 /* Main.storyboard in Resources */,
			);
			runOnlyForDeploymentPostprocessing = 0;
		};
/* End PBXResourcesBuildPhase section */

/* Begin PBXSourcesBuildPhase section */
		AB34ABFC262A6FF0008BFE93 /* Sources */ = {
			isa = PBXSourcesBuildPhase;
			buildActionMask = 2147483647;
			files = (
				AB065ACB262E74DE004DC323 /* TimelineTableViewCell.swift in Sources */,
				AB34AC16262A7146008BFE93 /* Tweet.swift in Sources */,
				AB34F85B262BBBFA00943894 /* TweetsTableViewController.swift in Sources */,
				AB34AC18262A7195008BFE93 /* ApiRestTwitter.swift in Sources */,
				ABF884A6262D04E000C3CD5E /* TweetTableViewCell.swift in Sources */,
				AB065AC9262E66B3004DC323 /* TimelineTableViewController.swift in Sources */,
				AB34AC04262A6FF1008BFE93 /* AppDelegate.swift in Sources */,
			);
			runOnlyForDeploymentPostprocessing = 0;
		};
/* End PBXSourcesBuildPhase section */

/* Begin PBXVariantGroup section */
		AB34AC07262A6FF1008BFE93 /* Main.storyboard */ = {
			isa = PBXVariantGroup;
			children = (
				AB34AC08262A6FF1008BFE93 /* Base */,
			);
			name = Main.storyboard;
			sourceTree = "<group>";
		};
		AB34AC0C262A6FF1008BFE93 /* LaunchScreen.storyboard */ = {
			isa = PBXVariantGroup;
			children = (
				AB34AC0D262A6FF1008BFE93 /* Base */,
			);
			name = LaunchScreen.storyboard;
			sourceTree = "<group>";
		};
/* End PBXVariantGroup section */

/* Begin XCBuildConfiguration section */
		AB34AC10262A6FF1008BFE93 /* Debug */ = {
			isa = XCBuildConfiguration;
			buildSettings = {
				ALWAYS_SEARCH_USER_PATHS = NO;
				CLANG_ANALYZER_NONNULL = YES;
				CLANG_ANALYZER_NUMBER_OBJECT_CONVERSION = YES_AGGRESSIVE;
				CLANG_CXX_LANGUAGE_STANDARD = "gnu++14";
				CLANG_CXX_LIBRARY = "libc++";
				CLANG_ENABLE_MODULES = YES;
				CLANG_ENABLE_OBJC_ARC = YES;
				CLANG_WARN_BLOCK_CAPTURE_AUTORELEASING = YES;
				CLANG_WARN_BOOL_CONVERSION = YES;
				CLANG_WARN_COMMA = YES;
				CLANG_WARN_CONSTANT_CONVERSION = YES;
				CLANG_WARN_DIRECT_OBJC_ISA_USAGE = YES_ERROR;
				CLANG_WARN_DOCUMENTATION_COMMENTS = YES;
				CLANG_WARN_EMPTY_BODY = YES;
				CLANG_WARN_ENUM_CONVERSION = YES;
				CLANG_WARN_INFINITE_RECURSION = YES;
				CLANG_WARN_INT_CONVERSION = YES;
				CLANG_WARN_NON_LITERAL_NULL_CONVERSION = YES;
				CLANG_WARN_OBJC_LITERAL_CONVERSION = YES;
				CLANG_WARN_OBJC_ROOT_CLASS = YES_ERROR;
				CLANG_WARN_RANGE_LOOP_ANALYSIS = YES;
				CLANG_WARN_STRICT_PROTOTYPES = YES;
				CLANG_WARN_SUSPICIOUS_MOVE = YES;
				CLANG_WARN_UNGUARDED_AVAILABILITY = YES_AGGRESSIVE;
				CLANG_WARN_UNREACHABLE_CODE = YES;
				CLANG_WARN__DUPLICATE_METHOD_MATCH = YES;
				CODE_SIGN_IDENTITY = "iPhone Developer";
				COPY_PHASE_STRIP = NO;
				DEBUG_INFORMATION_FORMAT = dwarf;
				ENABLE_STRICT_OBJC_MSGSEND = YES;
				ENABLE_TESTABILITY = YES;
				GCC_C_LANGUAGE_STANDARD = gnu11;
				GCC_DYNAMIC_NO_PIC = NO;
				GCC_NO_COMMON_BLOCKS = YES;
				GCC_OPTIMIZATION_LEVEL = 0;
				GCC_PREPROCESSOR_DEFINITIONS = (
					"DEBUG=1",
					"$(inherited)",
				);
				GCC_WARN_64_TO_32_BIT_CONVERSION = YES;
				GCC_WARN_ABOUT_RETURN_TYPE = YES_ERROR;
				GCC_WARN_UNDECLARED_SELECTOR = YES;
				GCC_WARN_UNINITIALIZED_AUTOS = YES_AGGRESSIVE;
				GCC_WARN_UNUSED_FUNCTION = YES;
				GCC_WARN_UNUSED_VARIABLE = YES;
				IPHONEOS_DEPLOYMENT_TARGET = 11.0;
				MTL_ENABLE_DEBUG_INFO = YES;
				ONLY_ACTIVE_ARCH = YES;
				SDKROOT = iphoneos;
				SWIFT_ACTIVE_COMPILATION_CONDITIONS = DEBUG;
				SWIFT_OPTIMIZATION_LEVEL = "-Onone";
			};
			name = Debug;
		};
		AB34AC11262A6FF1008BFE93 /* Release */ = {
			isa = XCBuildConfiguration;
			buildSettings = {
				ALWAYS_SEARCH_USER_PATHS = NO;
				CLANG_ANALYZER_NONNULL = YES;
				CLANG_ANALYZER_NUMBER_OBJECT_CONVERSION = YES_AGGRESSIVE;
				CLANG_CXX_LANGUAGE_STANDARD = "gnu++14";
				CLANG_CXX_LIBRARY = "libc++";
				CLANG_ENABLE_MODULES = YES;
				CLANG_ENABLE_OBJC_ARC = YES;
				CLANG_WARN_BLOCK_CAPTURE_AUTORELEASING = YES;
				CLANG_WARN_BOOL_CONVERSION = YES;
				CLANG_WARN_COMMA = YES;
				CLANG_WARN_CONSTANT_CONVERSION = YES;
				CLANG_WARN_DIRECT_OBJC_ISA_USAGE = YES_ERROR;
				CLANG_WARN_DOCUMENTATION_COMMENTS = YES;
				CLANG_WARN_EMPTY_BODY = YES;
				CLANG_WARN_ENUM_CONVERSION = YES;
				CLANG_WARN_INFINITE_RECURSION = YES;
				CLANG_WARN_INT_CONVERSION = YES;
				CLANG_WARN_NON_LITERAL_NULL_CONVERSION = YES;
				CLANG_WARN_OBJC_LITERAL_CONVERSION = YES;
				CLANG_WARN_OBJC_ROOT_CLASS = YES_ERROR;
				CLANG_WARN_RANGE_LOOP_ANALYSIS = YES;
				CLANG_WARN_STRICT_PROTOTYPES = YES;
				CLANG_WARN_SUSPICIOUS_MOVE = YES;
				CLANG_WARN_UNGUARDED_AVAILABILITY = YES_AGGRESSIVE;
				CLANG_WARN_UNREACHABLE_CODE = YES;
				CLANG_WARN__DUPLICATE_METHOD_MATCH = YES;
				CODE_SIGN_IDENTITY = "iPhone Developer";
				COPY_PHASE_STRIP = NO;
				DEBUG_INFORMATION_FORMAT = "dwarf-with-dsym";
				ENABLE_NS_ASSERTIONS = NO;
				ENABLE_STRICT_OBJC_MSGSEND = YES;
				GCC_C_LANGUAGE_STANDARD = gnu11;
				GCC_NO_COMMON_BLOCKS = YES;
				GCC_WARN_64_TO_32_BIT_CONVERSION = YES;
				GCC_WARN_ABOUT_RETURN_TYPE = YES_ERROR;
				GCC_WARN_UNDECLARED_SELECTOR = YES;
				GCC_WARN_UNINITIALIZED_AUTOS = YES_AGGRESSIVE;
				GCC_WARN_UNUSED_FUNCTION = YES;
				GCC_WARN_UNUSED_VARIABLE = YES;
				IPHONEOS_DEPLOYMENT_TARGET = 11.0;
				MTL_ENABLE_DEBUG_INFO = NO;
				SDKROOT = iphoneos;
				SWIFT_OPTIMIZATION_LEVEL = "-Owholemodule";
				VALIDATE_PRODUCT = YES;
			};
			name = Release;
		};
		AB34AC13262A6FF1008BFE93 /* Debug */ = {
			isa = XCBuildConfiguration;
			buildSettings = {
				ASSETCATALOG_COMPILER_APPICON_NAME = AppIcon;
				CODE_SIGN_STYLE = Automatic;
				INFOPLIST_FILE = FetchTweets/Info.plist;
				LD_RUNPATH_SEARCH_PATHS = "$(inherited) @executable_path/Frameworks";
				PRODUCT_BUNDLE_IDENTIFIER = com.brunomaiamorais.FetchTweets;
				PRODUCT_NAME = "$(TARGET_NAME)";
				SWIFT_VERSION = 4.0;
				TARGETED_DEVICE_FAMILY = 1;
			};
			name = Debug;
		};
		AB34AC14262A6FF1008BFE93 /* Release */ = {
			isa = XCBuildConfiguration;
			buildSettings = {
				ASSETCATALOG_COMPILER_APPICON_NAME = AppIcon;
				CODE_SIGN_STYLE = Automatic;
				INFOPLIST_FILE = FetchTweets/Info.plist;
				LD_RUNPATH_SEARCH_PATHS = "$(inherited) @executable_path/Frameworks";
				PRODUCT_BUNDLE_IDENTIFIER = com.brunomaiamorais.FetchTweets;
				PRODUCT_NAME = "$(TARGET_NAME)";
				SWIFT_VERSION = 4.0;
				TARGETED_DEVICE_FAMILY = 1;
			};
			name = Release;
		};
/* End XCBuildConfiguration section */

/* Begin XCConfigurationList section */
		AB34ABFB262A6FF0008BFE93 /* Build configuration list for PBXProject "FetchTweets" */ = {
			isa = XCConfigurationList;
			buildConfigurations = (
				AB34AC10262A6FF1008BFE93 /* Debug */,
				AB34AC11262A6FF1008BFE93 /* Release */,
			);
			defaultConfigurationIsVisible = 0;
			defaultConfigurationName = Release;
		};
		AB34AC12262A6FF1008BFE93 /* Build configuration list for PBXNativeTarget "FetchTweets" */ = {
			isa = XCConfigurationList;
			buildConfigurations = (
				AB34AC13262A6FF1008BFE93 /* Debug */,
				AB34AC14262A6FF1008BFE93 /* Release */,
			);
			defaultConfigurationIsVisible = 0;
			defaultConfigurationName = Release;
		};
/* End XCConfigurationList section */
	};
	rootObject = AB34ABF8262A6FF0008BFE93 /* Project object */;
}
